
Microsoft Visual Studio Solution File, Format Version 12.00
# Visual Studio Version 17
VisualStudioVersion = 17.0.31903.59
MinimumVisualStudioVersion = 10.0.40219.1
Project("{9A19103F-16F7-4668-BE54-9A1E7A4F7556}") = "StoreApp", "StoreApp\StoreApp.csproj", "{14A13D46-3C6F-4BB1-80A8-D6955F902CAA}"
EndProject
Project("{9A19103F-16F7-4668-BE54-9A1E7A4F7556}") = "Entities", "Entities\Entities.csproj", "{6A229DD0-B47B-412E-A508-EA551C366C0A}"
EndProject
Project("{9A19103F-16F7-4668-BE54-9A1E7A4F7556}") = "Repositories", "Repositories\Repositories.csproj", "{B6DA7D4D-A5B8-493C-9206-285FFA010C70}"
EndProject
Project("{9A19103F-16F7-4668-BE54-9A1E7A4F7556}") = "Services", "Services\Services.csproj", "{ED4CDA1C-F7BE-4E00-B0B2-C1BB4BBFC25B}"
EndProject
Global
	GlobalSection(SolutionConfigurationPlatforms) = preSolution
		Debug|Any CPU = Debug|Any CPU
		Release|Any CPU = Release|Any CPU
	EndGlobalSection
	GlobalSection(ProjectConfigurationPlatforms) = postSolution
		{14A13D46-3C6F-4BB1-80A8-D6955F902CAA}.Debug|Any CPU.ActiveCfg = Debug|Any CPU
		{14A13D46-3C6F-4BB1-80A8-D6955F902CAA}.Debug|Any CPU.Build.0 = Debug|Any CPU
		{14A13D46-3C6F-4BB1-80A8-D6955F902CAA}.Release|Any CPU.ActiveCfg = Release|Any CPU
		{14A13D46-3C6F-4BB1-80A8-D6955F902CAA}.Release|Any CPU.Build.0 = Release|Any CPU
		{6A229DD0-B47B-412E-A508-EA551C366C0A}.Debug|Any CPU.ActiveCfg = Debug|Any CPU
		{6A229DD0-B47B-412E-A508-EA551C366C0A}.Debug|Any CPU.Build.0 = Debug|Any CPU
		{6A229DD0-B47B-412E-A508-EA551C366C0A}.Release|Any CPU.ActiveCfg = Release|Any CPU
		{6A229DD0-B47B-412E-A508-EA551C366C0A}.Release|Any CPU.Build.0 = Release|Any CPU
		{B6DA7D4D-A5B8-493C-9206-285FFA010C70}.Debug|Any CPU.ActiveCfg = Debug|Any CPU
		{B6DA7D4D-A5B8-493C-9206-285FFA010C70}.Debug|Any CPU.Build.0 = Debug|Any CPU
		{B6DA7D4D-A5B8-493C-9206-285FFA010C70}.Release|Any CPU.ActiveCfg = Release|Any CPU
		{B6DA7D4D-A5B8-493C-9206-285FFA010C70}.Release|Any CPU.Build.0 = Release|Any CPU
		{ED4CDA1C-F7BE-4E00-B0B2-C1BB4BBFC25B}.Debug|Any CPU.ActiveCfg = Debug|Any CPU
		{ED4CDA1C-F7BE-4E00-B0B2-C1BB4BBFC25B}.Debug|Any CPU.Build.0 = Debug|Any CPU
		{ED4CDA1C-F7BE-4E00-B0B2-C1BB4BBFC25B}.Release|Any CPU.ActiveCfg = Release|Any CPU
		{ED4CDA1C-F7BE-4E00-B0B2-C1BB4BBFC25B}.Release|Any CPU.Build.0 = Release|Any CPU
	EndGlobalSection
	GlobalSection(SolutionProperties) = preSolution
		HideSolutionNode = FALSE
	EndGlobalSection
	GlobalSection(ExtensibilityGlobals) = postSolution
		SolutionGuid = {CE9BC6B4-5BC1-4734-AD37-4F37D1B8F256}
	EndGlobalSection
EndGlobal
